// !$*UTF8*$!
{
	archiveVersion = 1;
	classes = {
	};
	objectVersion = 55;
	objects = {

/* Begin PBXBuildFile section */
		741AE5C42AC197A400951C90 /* Rock_paper_scissorApp.swift in Sources */ = {isa = PBXBuildFile; fileRef = 741AE5C32AC197A400951C90 /* Rock_paper_scissorApp.swift */; };
		741AE5C62AC197A400951C90 /* ContentView.swift in Sources */ = {isa = PBXBuildFile; fileRef = 741AE5C52AC197A400951C90 /* ContentView.swift */; };
		741AE5C82AC197A600951C90 /* Assets.xcassets in Resources */ = {isa = PBXBuildFile; fileRef = 741AE5C72AC197A600951C90 /* Assets.xcassets */; };
		741AE5CB2AC197A600951C90 /* Preview Assets.xcassets in Resources */ = {isa = PBXBuildFile; fileRef = 741AE5CA2AC197A600951C90 /* Preview Assets.xcassets */; };
		741AE5D52AC197A600951C90 /* Rock_paper_scissorTests.swift in Sources */ = {isa = PBXBuildFile; fileRef = 741AE5D42AC197A600951C90 /* Rock_paper_scissorTests.swift */; };
		741AE5DF2AC197A600951C90 /* Rock_paper_scissorUITests.swift in Sources */ = {isa = PBXBuildFile; fileRef = 741AE5DE2AC197A600951C90 /* Rock_paper_scissorUITests.swift */; };
		741AE5E12AC197A600951C90 /* Rock_paper_scissorUITestsLaunchTests.swift in Sources */ = {isa = PBXBuildFile; fileRef = 741AE5E02AC197A600951C90 /* Rock_paper_scissorUITestsLaunchTests.swift */; };
/* End PBXBuildFile section */

/* Begin PBXContainerItemProxy section */
		741AE5D12AC197A600951C90 /* PBXContainerItemProxy */ = {
			isa = PBXContainerItemProxy;
			containerPortal = 741AE5B82AC197A400951C90 /* Project object */;
			proxyType = 1;
			remoteGlobalIDString = 741AE5BF2AC197A400951C90;
			remoteInfo = Rock_paper_scissor;
		};
		741AE5DB2AC197A600951C90 /* PBXContainerItemProxy */ = {
			isa = PBXContainerItemProxy;
			containerPortal = 741AE5B82AC197A400951C90 /* Project object */;
			proxyType = 1;
			remoteGlobalIDString = 741AE5BF2AC197A400951C90;
			remoteInfo = Rock_paper_scissor;
		};
/* End PBXContainerItemProxy section */

/* Begin PBXFileReference section */
		741AE5C02AC197A400951C90 /* Rock_paper_scissor.app */ = {isa = PBXFileReference; explicitFileType = wrapper.application; includeInIndex = 0; path = Rock_paper_scissor.app; sourceTree = BUILT_PRODUCTS_DIR; };
		741AE5C32AC197A400951C90 /* Rock_paper_scissorApp.swift */ = {isa = PBXFileReference; lastKnownFileType = sourcecode.swift; path = Rock_paper_scissorApp.swift; sourceTree = "<group>"; };
		741AE5C52AC197A400951C90 /* ContentView.swift */ = {isa = PBXFileReference; lastKnownFileType = sourcecode.swift; path = ContentView.swift; sourceTree = "<group>"; };
		741AE5C72AC197A600951C90 /* Assets.xcassets */ = {isa = PBXFileReference; lastKnownFileType = folder.assetcatalog; path = Assets.xcassets; sourceTree = "<group>"; };
		741AE5CA2AC197A600951C90 /* Preview Assets.xcassets */ = {isa = PBXFileReference; lastKnownFileType = folder.assetcatalog; path = "Preview Assets.xcassets"; sourceTree = "<group>"; };
		741AE5D02AC197A600951C90 /* Rock_paper_scissorTests.xctest */ = {isa = PBXFileReference; explicitFileType = wrapper.cfbundle; includeInIndex = 0; path = Rock_paper_scissorTests.xctest; sourceTree = BUILT_PRODUCTS_DIR; };
		741AE5D42AC197A600951C90 /* Rock_paper_scissorTests.swift */ = {isa = PBXFileReference; lastKnownFileType = sourcecode.swift; path = Rock_paper_scissorTests.swift; sourceTree = "<group>"; };
		741AE5DA2AC197A600951C90 /* Rock_paper_scissorUITests.xctest */ = {isa = PBXFileReference; explicitFileType = wrapper.cfbundle; includeInIndex = 0; path = Rock_paper_scissorUITests.xctest; sourceTree = BUILT_PRODUCTS_DIR; };
		741AE5DE2AC197A600951C90 /* Rock_paper_scissorUITests.swift */ = {isa = PBXFileReference; lastKnownFileType = sourcecode.swift; path = Rock_paper_scissorUITests.swift; sourceTree = "<group>"; };
		741AE5E02AC197A600951C90 /* Rock_paper_scissorUITestsLaunchTests.swift */ = {isa = PBXFileReference; lastKnownFileType = sourcecode.swift; path = Rock_paper_scissorUITestsLaunchTests.swift; sourceTree = "<group>"; };
/* End PBXFileReference section */

/* Begin PBXFrameworksBuildPhase section */
		741AE5BD2AC197A400951C90 /* Frameworks */ = {
			isa = PBXFrameworksBuildPhase;
			buildActionMask = 2147483647;
			files = (
			);
			runOnlyForDeploymentPostprocessing = 0;
		};
		741AE5CD2AC197A600951C90 /* Frameworks */ = {
			isa = PBXFrameworksBuildPhase;
			buildActionMask = 2147483647;
			files = (
			);
			runOnlyForDeploymentPostprocessing = 0;
		};
		741AE5D72AC197A600951C90 /* Frameworks */ = {
			isa = PBXFrameworksBuildPhase;
			buildActionMask = 2147483647;
			files = (
			);
			runOnlyForDeploymentPostprocessing = 0;
		};
/* End PBXFrameworksBuildPhase section */

/* Begin PBXGroup section */
		741AE5B72AC197A400951C90 = {
			isa = PBXGroup;
			children = (
				741AE5C22AC197A400951C90 /* Rock_paper_scissor */,
				741AE5D32AC197A600951C90 /* Rock_paper_scissorTests */,
				741AE5DD2AC197A600951C90 /* Rock_paper_scissorUITests */,
				741AE5C12AC197A400951C90 /* Products */,
			);
			sourceTree = "<group>";
		};
		741AE5C12AC197A400951C90 /* Products */ = {
			isa = PBXGroup;
			children = (
				741AE5C02AC197A400951C90 /* Rock_paper_scissor.app */,
				741AE5D02AC197A600951C90 /* Rock_paper_scissorTests.xctest */,
				741AE5DA2AC197A600951C90 /* Rock_paper_scissorUITests.xctest */,
			);
			name = Products;
			sourceTree = "<group>";
		};
		741AE5C22AC197A400951C90 /* Rock_paper_scissor */ = {
			isa = PBXGroup;
			children = (
				741AE5C32AC197A400951C90 /* Rock_paper_scissorApp.swift */,
				741AE5C52AC197A400951C90 /* ContentView.swift */,
				741AE5C72AC197A600951C90 /* Assets.xcassets */,
				741AE5C92AC197A600951C90 /* Preview Content */,
			);
			path = Rock_paper_scissor;
			sourceTree = "<group>";
		};
		741AE5C92AC197A600951C90 /* Preview Content */ = {
			isa = PBXGroup;
			children = (
				741AE5CA2AC197A600951C90 /* Preview Assets.xcassets */,
			);
			path = "Preview Content";
			sourceTree = "<group>";
		};
		741AE5D32AC197A600951C90 /* Rock_paper_scissorTests */ = {
			isa = PBXGroup;
			children = (
				741AE5D42AC197A600951C90 /* Rock_paper_scissorTests.swift */,
			);
			path = Rock_paper_scissorTests;
			sourceTree = "<group>";
		};
		741AE5DD2AC197A600951C90 /* Rock_paper_scissorUITests */ = {
			isa = PBXGroup;
			children = (
				741AE5DE2AC197A600951C90 /* Rock_paper_scissorUITests.swift */,
				741AE5E02AC197A600951C90 /* Rock_paper_scissorUITestsLaunchTests.swift */,
			);
			path = Rock_paper_scissorUITests;
			sourceTree = "<group>";
		};
/* End PBXGroup section */

/* Begin PBXNativeTarget section */
		741AE5BF2AC197A400951C90 /* Rock_paper_scissor */ = {
			isa = PBXNativeTarget;
			buildConfigurationList = 741AE5E42AC197A600951C90 /* Build configuration list for PBXNativeTarget "Rock_paper_scissor" */;
			buildPhases = (
				741AE5BC2AC197A400951C90 /* Sources */,
				741AE5BD2AC197A400951C90 /* Frameworks */,
				741AE5BE2AC197A400951C90 /* Resources */,
			);
			buildRules = (
			);
			dependencies = (
			);
			name = Rock_paper_scissor;
			productName = Rock_paper_scissor;
			productReference = 741AE5C02AC197A400951C90 /* Rock_paper_scissor.app */;
			productType = "com.apple.product-type.application";
		};
		741AE5CF2AC197A600951C90 /* Rock_paper_scissorTests */ = {
			isa = PBXNativeTarget;
			buildConfigurationList = 741AE5E72AC197A600951C90 /* Build configuration list for PBXNativeTarget "Rock_paper_scissorTests" */;
			buildPhases = (
				741AE5CC2AC197A600951C90 /* Sources */,
				741AE5CD2AC197A600951C90 /* Frameworks */,
				741AE5CE2AC197A600951C90 /* Resources */,
			);
			buildRules = (
			);
			dependencies = (
				741AE5D22AC197A600951C90 /* PBXTargetDependency */,
			);
			name = Rock_paper_scissorTests;
			productName = Rock_paper_scissorTests;
			productReference = 741AE5D02AC197A600951C90 /* Rock_paper_scissorTests.xctest */;
			productType = "com.apple.product-type.bundle.unit-test";
		};
		741AE5D92AC197A600951C90 /* Rock_paper_scissorUITests */ = {
			isa = PBXNativeTarget;
			buildConfigurationList = 741AE5EA2AC197A600951C90 /* Build configuration list for PBXNativeTarget "Rock_paper_scissorUITests" */;
			buildPhases = (
				741AE5D62AC197A600951C90 /* Sources */,
				741AE5D72AC197A600951C90 /* Frameworks */,
				741AE5D82AC197A600951C90 /* Resources */,
			);
			buildRules = (
			);
			dependencies = (
				741AE5DC2AC197A600951C90 /* PBXTargetDependency */,
			);
			name = Rock_paper_scissorUITests;
			productName = Rock_paper_scissorUITests;
			productReference = 741AE5DA2AC197A600951C90 /* Rock_paper_scissorUITests.xctest */;
			productType = "com.apple.product-type.bundle.ui-testing";
		};
/* End PBXNativeTarget section */

/* Begin PBXProject section */
		741AE5B82AC197A400951C90 /* Project object */ = {
			isa = PBXProject;
			attributes = {
				BuildIndependentTargetsInParallel = 1;
				LastSwiftUpdateCheck = 1320;
				LastUpgradeCheck = 1320;
				TargetAttributes = {
					741AE5BF2AC197A400951C90 = {
						CreatedOnToolsVersion = 13.2.1;
					};
					741AE5CF2AC197A600951C90 = {
						CreatedOnToolsVersion = 13.2.1;
						TestTargetID = 741AE5BF2AC197A400951C90;
					};
					741AE5D92AC197A600951C90 = {
						CreatedOnToolsVersion = 13.2.1;
						TestTargetID = 741AE5BF2AC197A400951C90;
					};
				};
			};
			buildConfigurationList = 741AE5BB2AC197A400951C90 /* Build configuration list for PBXProject "Rock_paper_scissor" */;
			compatibilityVersion = "Xcode 13.0";
			developmentRegion = en;
			hasScannedForEncodings = 0;
			knownRegions = (
				en,
				Base,
			);
			mainGroup = 741AE5B72AC197A400951C90;
			productRefGroup = 741AE5C12AC197A400951C90 /* Products */;
			projectDirPath = "";
			projectRoot = "";
			targets = (
				741AE5BF2AC197A400951C90 /* Rock_paper_scissor */,
				741AE5CF2AC197A600951C90 /* Rock_paper_scissorTests */,
				741AE5D92AC197A600951C90 /* Rock_paper_scissorUITests */,
			);
		};
/* End PBXProject section */

/* Begin PBXResourcesBuildPhase section */
		741AE5BE2AC197A400951C90 /* Resources */ = {
			isa = PBXResourcesBuildPhase;
			buildActionMask = 2147483647;
			files = (
				741AE5CB2AC197A600951C90 /* Preview Assets.xcassets in Resources */,
				741AE5C82AC197A600951C90 /* Assets.xcassets in Resources */,
			);
			runOnlyForDeploymentPostprocessing = 0;
		};
		741AE5CE2AC197A600951C90 /* Resources */ = {
			isa = PBXResourcesBuildPhase;
			buildActionMask = 2147483647;
			files = (
			);
			runOnlyForDeploymentPostprocessing = 0;
		};
		741AE5D82AC197A600951C90 /* Resources */ = {
			isa = PBXResourcesBuildPhase;
			buildActionMask = 2147483647;
			files = (
			);
			runOnlyForDeploymentPostprocessing = 0;
		};
/* End PBXResourcesBuildPhase section */

/* Begin PBXSourcesBuildPhase section */
		741AE5BC2AC197A400951C90 /* Sources */ = {
			isa = PBXSourcesBuildPhase;
			buildActionMask = 2147483647;
			files = (
				741AE5C62AC197A400951C90 /* ContentView.swift in Sources */,
				741AE5C42AC197A400951C90 /* Rock_paper_scissorApp.swift in Sources */,
			);
			runOnlyForDeploymentPostprocessing = 0;
		};
		741AE5CC2AC197A600951C90 /* Sources */ = {
			isa = PBXSourcesBuildPhase;
			buildActionMask = 2147483647;
			files = (
				741AE5D52AC197A600951C90 /* Rock_paper_scissorTests.swift in Sources */,
			);
			runOnlyForDeploymentPostprocessing = 0;
		};
		741AE5D62AC197A600951C90 /* Sources */ = {
			isa = PBXSourcesBuildPhase;
			buildActionMask = 2147483647;
			files = (
				741AE5DF2AC197A600951C90 /* Rock_paper_scissorUITests.swift in Sources */,
				741AE5E12AC197A600951C90 /* Rock_paper_scissorUITestsLaunchTests.swift in Sources */,
			);
			runOnlyForDeploymentPostprocessing = 0;
		};
/* End PBXSourcesBuildPhase section */

/* Begin PBXTargetDependency section */
		741AE5D22AC197A600951C90 /* PBXTargetDependency */ = {
			isa = PBXTargetDependency;
			target = 741AE5BF2AC197A400951C90 /* Rock_paper_scissor */;
			targetProxy = 741AE5D12AC197A600951C90 /* PBXContainerItemProxy */;
		};
		741AE5DC2AC197A600951C90 /* PBXTargetDependency */ = {
			isa = PBXTargetDependency;
			target = 741AE5BF2AC197A400951C90 /* Rock_paper_scissor */;
			targetProxy = 741AE5DB2AC197A600951C90 /* PBXContainerItemProxy */;
		};
/* End PBXTargetDependency section */

/* Begin XCBuildConfiguration section */
		741AE5E22AC197A600951C90 /* Debug */ = {
			isa = XCBuildConfiguration;
			buildSettings = {
				ALWAYS_SEARCH_USER_PATHS = NO;
				CLANG_ANALYZER_NONNULL = YES;
				CLANG_ANALYZER_NUMBER_OBJECT_CONVERSION = YES_AGGRESSIVE;
				CLANG_CXX_LANGUAGE_STANDARD = "gnu++17";
				CLANG_CXX_LIBRARY = "libc++";
				CLANG_ENABLE_MODULES = YES;
				CLANG_ENABLE_OBJC_ARC = YES;
				CLANG_ENABLE_OBJC_WEAK = YES;
				CLANG_WARN_BLOCK_CAPTURE_AUTORELEASING = YES;
				CLANG_WARN_BOOL_CONVERSION = YES;
				CLANG_WARN_COMMA = YES;
				CLANG_WARN_CONSTANT_CONVERSION = YES;
				CLANG_WARN_DEPRECATED_OBJC_IMPLEMENTATIONS = YES;
				CLANG_WARN_DIRECT_OBJC_ISA_USAGE = YES_ERROR;
				CLANG_WARN_DOCUMENTATION_COMMENTS = YES;
				CLANG_WARN_EMPTY_BODY = YES;
				CLANG_WARN_ENUM_CONVERSION = YES;
				CLANG_WARN_INFINITE_RECURSION = YES;
				CLANG_WARN_INT_CONVERSION = YES;
				CLANG_WARN_NON_LITERAL_NULL_CONVERSION = YES;
				CLANG_WARN_OBJC_IMPLICIT_RETAIN_SELF = YES;
				CLANG_WARN_OBJC_LITERAL_CONVERSION = YES;
				CLANG_WARN_OBJC_ROOT_CLASS = YES_ERROR;
				CLANG_WARN_QUOTED_INCLUDE_IN_FRAMEWORK_HEADER = YES;
				CLANG_WARN_RANGE_LOOP_ANALYSIS = YES;
				CLANG_WARN_STRICT_PROTOTYPES = YES;
				CLANG_WARN_SUSPICIOUS_MOVE = YES;
				CLANG_WARN_UNGUARDED_AVAILABILITY = YES_AGGRESSIVE;
				CLANG_WARN_UNREACHABLE_CODE = YES;
				CLANG_WARN__DUPLICATE_METHOD_MATCH = YES;
				COPY_PHASE_STRIP = NO;
				DEBUG_INFORMATION_FORMAT = dwarf;
				ENABLE_STRICT_OBJC_MSGSEND = YES;
				ENABLE_TESTABILITY = YES;
				GCC_C_LANGUAGE_STANDARD = gnu11;
				GCC_DYNAMIC_NO_PIC = NO;
				GCC_NO_COMMON_BLOCKS = YES;
				GCC_OPTIMIZATION_LEVEL = 0;
				GCC_PREPROCESSOR_DEFINITIONS = (
					"DEBUG=1",
					"$(inherited)",
				);
				GCC_WARN_64_TO_32_BIT_CONVERSION = YES;
				GCC_WARN_ABOUT_RETURN_TYPE = YES_ERROR;
				GCC_WARN_UNDECLARED_SELECTOR = YES;
				GCC_WARN_UNINITIALIZED_AUTOS = YES_AGGRESSIVE;
				GCC_WARN_UNUSED_FUNCTION = YES;
				GCC_WARN_UNUSED_VARIABLE = YES;
				IPHONEOS_DEPLOYMENT_TARGET = 15.2;
				MTL_ENABLE_DEBUG_INFO = INCLUDE_SOURCE;
				MTL_FAST_MATH = YES;
				ONLY_ACTIVE_ARCH = YES;
				SDKROOT = iphoneos;
				SWIFT_ACTIVE_COMPILATION_CONDITIONS = DEBUG;
				SWIFT_OPTIMIZATION_LEVEL = "-Onone";
			};
			name = Debug;
		};
		741AE5E32AC197A600951C90 /* Release */ = {
			isa = XCBuildConfiguration;
			buildSettings = {
				ALWAYS_SEARCH_USER_PATHS = NO;
				CLANG_ANALYZER_NONNULL = YES;
				CLANG_ANALYZER_NUMBER_OBJECT_CONVERSION = YES_AGGRESSIVE;
				CLANG_CXX_LANGUAGE_STANDARD = "gnu++17";
				CLANG_CXX_LIBRARY = "libc++";
				CLANG_ENABLE_MODULES = YES;
				CLANG_ENABLE_OBJC_ARC = YES;
				CLANG_ENABLE_OBJC_WEAK = YES;
				CLANG_WARN_BLOCK_CAPTURE_AUTORELEASING = YES;
				CLANG_WARN_BOOL_CONVERSION = YES;
				CLANG_WARN_COMMA = YES;
				CLANG_WARN_CONSTANT_CONVERSION = YES;
				CLANG_WARN_DEPRECATED_OBJC_IMPLEMENTATIONS = YES;
				CLANG_WARN_DIRECT_OBJC_ISA_USAGE = YES_ERROR;
				CLANG_WARN_DOCUMENTATION_COMMENTS = YES;
				CLANG_WARN_EMPTY_BODY = YES;
				CLANG_WARN_ENUM_CONVERSION = YES;
				CLANG_WARN_INFINITE_RECURSION = YES;
				CLANG_WARN_INT_CONVERSION = YES;
				CLANG_WARN_NON_LITERAL_NULL_CONVERSION = YES;
				CLANG_WARN_OBJC_IMPLICIT_RETAIN_SELF = YES;
				CLANG_WARN_OBJC_LITERAL_CONVERSION = YES;
				CLANG_WARN_OBJC_ROOT_CLASS = YES_ERROR;
				CLANG_WARN_QUOTED_INCLUDE_IN_FRAMEWORK_HEADER = YES;
				CLANG_WARN_RANGE_LOOP_ANALYSIS = YES;
				CLANG_WARN_STRICT_PROTOTYPES = YES;
				CLANG_WARN_SUSPICIOUS_MOVE = YES;
				CLANG_WARN_UNGUARDED_AVAILABILITY = YES_AGGRESSIVE;
				CLANG_WARN_UNREACHABLE_CODE = YES;
				CLANG_WARN__DUPLICATE_METHOD_MATCH = YES;
				COPY_PHASE_STRIP = NO;
				DEBUG_INFORMATION_FORMAT = "dwarf-with-dsym";
				ENABLE_NS_ASSERTIONS = NO;
				ENABLE_STRICT_OBJC_MSGSEND = YES;
				GCC_C_LANGUAGE_STANDARD = gnu11;
				GCC_NO_COMMON_BLOCKS = YES;
				GCC_WARN_64_TO_32_BIT_CONVERSION = YES;
				GCC_WARN_ABOUT_RETURN_TYPE = YES_ERROR;
				GCC_WARN_UNDECLARED_SELECTOR = YES;
				GCC_WARN_UNINITIALIZED_AUTOS = YES_AGGRESSIVE;
				GCC_WARN_UNUSED_FUNCTION = YES;
				GCC_WARN_UNUSED_VARIABLE = YES;
				IPHONEOS_DEPLOYMENT_TARGET = 15.2;
				MTL_ENABLE_DEBUG_INFO = NO;
				MTL_FAST_MATH = YES;
				SDKROOT = iphoneos;
				SWIFT_COMPILATION_MODE = wholemodule;
				SWIFT_OPTIMIZATION_LEVEL = "-O";
				VALIDATE_PRODUCT = YES;
			};
			name = Release;
		};
		741AE5E52AC197A600951C90 /* Debug */ = {
			isa = XCBuildConfiguration;
			buildSettings = {
				ASSETCATALOG_COMPILER_APPICON_NAME = AppIcon;
				ASSETCATALOG_COMPILER_GLOBAL_ACCENT_COLOR_NAME = AccentColor;
				CODE_SIGN_STYLE = Automatic;
				CURRENT_PROJECT_VERSION = 1;
				DEVELOPMENT_ASSET_PATHS = "\"Rock_paper_scissor/Preview Content\"";
				ENABLE_PREVIEWS = YES;
				GENERATE_INFOPLIST_FILE = YES;
				INFOPLIST_KEY_UIApplicationSceneManifest_Generation = YES;
				INFOPLIST_KEY_UIApplicationSupportsIndirectInputEvents = YES;
				INFOPLIST_KEY_UILaunchScreen_Generation = YES;
				INFOPLIST_KEY_UISupportedInterfaceOrientations_iPad = "UIInterfaceOrientationPortrait UIInterfaceOrientationPortraitUpsideDown UIInterfaceOrientationLandscapeLeft UIInterfaceOrientationLandscapeRight";
				INFOPLIST_KEY_UISupportedInterfaceOrientations_iPhone = "UIInterfaceOrientationPortrait UIInterfaceOrientationLandscapeLeft UIInterfaceOrientationLandscapeRight";
				LD_RUNPATH_SEARCH_PATHS = (
					"$(inherited)",
					"@executable_path/Frameworks",
				);
				MARKETING_VERSION = 1.0;
				PRODUCT_BUNDLE_IDENTIFIER = "temp.Rock-paper-scissor";
				PRODUCT_NAME = "$(TARGET_NAME)";
				SWIFT_EMIT_LOC_STRINGS = YES;
				SWIFT_VERSION = 5.0;
				TARGETED_DEVICE_FAMILY = "1,2";
			};
			name = Debug;
		};
		741AE5E62AC197A600951C90 /* Release */ = {
			isa = XCBuildConfiguration;
			buildSettings = {
				ASSETCATALOG_COMPILER_APPICON_NAME = AppIcon;
				ASSETCATALOG_COMPILER_GLOBAL_ACCENT_COLOR_NAME = AccentColor;
				CODE_SIGN_STYLE = Automatic;
				CURRENT_PROJECT_VERSION = 1;
				DEVELOPMENT_ASSET_PATHS = "\"Rock_paper_scissor/Preview Content\"";
				ENABLE_PREVIEWS = YES;
				GENERATE_INFOPLIST_FILE = YES;
				INFOPLIST_KEY_UIApplicationSceneManifest_Generation = YES;
				INFOPLIST_KEY_UIApplicationSupportsIndirectInputEvents = YES;
				INFOPLIST_KEY_UILaunchScreen_Generation = YES;
				INFOPLIST_KEY_UISupportedInterfaceOrientations_iPad = "UIInterfaceOrientationPortrait UIInterfaceOrientationPortraitUpsideDown UIInterfaceOrientationLandscapeLeft UIInterfaceOrientationLandscapeRight";
				INFOPLIST_KEY_UISupportedInterfaceOrientations_iPhone = "UIInterfaceOrientationPortrait UIInterfaceOrientationLandscapeLeft UIInterfaceOrientationLandscapeRight";
				LD_RUNPATH_SEARCH_PATHS = (
					"$(inherited)",
					"@executable_path/Frameworks",
				);
				MARKETING_VERSION = 1.0;
				PRODUCT_BUNDLE_IDENTIFIER = "temp.Rock-paper-scissor";
				PRODUCT_NAME = "$(TARGET_NAME)";
				SWIFT_EMIT_LOC_STRINGS = YES;
				SWIFT_VERSION = 5.0;
				TARGETED_DEVICE_FAMILY = "1,2";
			};
			name = Release;
		};
		741AE5E82AC197A600951C90 /* Debug */ = {
			isa = XCBuildConfiguration;
			buildSettings = {
				ALWAYS_EMBED_SWIFT_STANDARD_LIBRARIES = YES;
				BUNDLE_LOADER = "$(TEST_HOST)";
				CODE_SIGN_STYLE = Automatic;
				CURRENT_PROJECT_VERSION = 1;
				GENERATE_INFOPLIST_FILE = YES;
				IPHONEOS_DEPLOYMENT_TARGET = 15.2;
				MARKETING_VERSION = 1.0;
				PRODUCT_BUNDLE_IDENTIFIER = "temp.Rock-paper-scissorTests";
				PRODUCT_NAME = "$(TARGET_NAME)";
				SWIFT_EMIT_LOC_STRINGS = NO;
				SWIFT_VERSION = 5.0;
				TARGETED_DEVICE_FAMILY = "1,2";
				TEST_HOST = "$(BUILT_PRODUCTS_DIR)/Rock_paper_scissor.app/Rock_paper_scissor";
			};
			name = Debug;
		};
		741AE5E92AC197A600951C90 /* Release */ = {
			isa = XCBuildConfiguration;
			buildSettings = {
				ALWAYS_EMBED_SWIFT_STANDARD_LIBRARIES = YES;
				BUNDLE_LOADER = "$(TEST_HOST)";
				CODE_SIGN_STYLE = Automatic;
				CURRENT_PROJECT_VERSION = 1;
				GENERATE_INFOPLIST_FILE = YES;
				IPHONEOS_DEPLOYMENT_TARGET = 15.2;
				MARKETING_VERSION = 1.0;
				PRODUCT_BUNDLE_IDENTIFIER = "temp.Rock-paper-scissorTests";
				PRODUCT_NAME = "$(TARGET_NAME)";
				SWIFT_EMIT_LOC_STRINGS = NO;
				SWIFT_VERSION = 5.0;
				TARGETED_DEVICE_FAMILY = "1,2";
				TEST_HOST = "$(BUILT_PRODUCTS_DIR)/Rock_paper_scissor.app/Rock_paper_scissor";
			};
			name = Release;
		};
		741AE5EB2AC197A600951C90 /* Debug */ = {
			isa = XCBuildConfiguration;
			buildSettings = {
				ALWAYS_EMBED_SWIFT_STANDARD_LIBRARIES = YES;
				CODE_SIGN_STYLE = Automatic;
				CURRENT_PROJECT_VERSION = 1;
				GENERATE_INFOPLIST_FILE = YES;
				MARKETING_VERSION = 1.0;
				PRODUCT_BUNDLE_IDENTIFIER = "temp.Rock-paper-scissorUITests";
				PRODUCT_NAME = "$(TARGET_NAME)";
				SWIFT_EMIT_LOC_STRINGS = NO;
				SWIFT_VERSION = 5.0;
				TARGETED_DEVICE_FAMILY = "1,2";
				TEST_TARGET_NAME = Rock_paper_scissor;
			};
			name = Debug;
		};
		741AE5EC2AC197A600951C90 /* Release */ = {
			isa = XCBuildConfiguration;
			buildSettings = {
				ALWAYS_EMBED_SWIFT_STANDARD_LIBRARIES = YES;
				CODE_SIGN_STYLE = Automatic;
				CURRENT_PROJECT_VERSION = 1;
				GENERATE_INFOPLIST_FILE = YES;
				MARKETING_VERSION = 1.0;
				PRODUCT_BUNDLE_IDENTIFIER = "temp.Rock-paper-scissorUITests";
				PRODUCT_NAME = "$(TARGET_NAME)";
				SWIFT_EMIT_LOC_STRINGS = NO;
				SWIFT_VERSION = 5.0;
				TARGETED_DEVICE_FAMILY = "1,2";
				TEST_TARGET_NAME = Rock_paper_scissor;
			};
			name = Release;
		};
/* End XCBuildConfiguration section */

/* Begin XCConfigurationList section */
		741AE5BB2AC197A400951C90 /* Build configuration list for PBXProject "Rock_paper_scissor" */ = {
			isa = XCConfigurationList;
			buildConfigurations = (
				741AE5E22AC197A600951C90 /* Debug */,
				741AE5E32AC197A600951C90 /* Release */,
			);
			defaultConfigurationIsVisible = 0;
			defaultConfigurationName = Release;
		};
		741AE5E42AC197A600951C90 /* Build configuration list for PBXNativeTarget "Rock_paper_scissor" */ = {
			isa = XCConfigurationList;
			buildConfigurations = (
				741AE5E52AC197A600951C90 /* Debug */,
				741AE5E62AC197A600951C90 /* Release */,
			);
			defaultConfigurationIsVisible = 0;
			defaultConfigurationName = Release;
		};
		741AE5E72AC197A600951C90 /* Build configuration list for PBXNativeTarget "Rock_paper_scissorTests" */ = {
			isa = XCConfigurationList;
			buildConfigurations = (
				741AE5E82AC197A600951C90 /* Debug */,
				741AE5E92AC197A600951C90 /* Release */,
			);
			defaultConfigurationIsVisible = 0;
			defaultConfigurationName = Release;
		};
		741AE5EA2AC197A600951C90 /* Build configuration list for PBXNativeTarget "Rock_paper_scissorUITests" */ = {
			isa = XCConfigurationList;
			buildConfigurations = (
				741AE5EB2AC197A600951C90 /* Debug */,
				741AE5EC2AC197A600951C90 /* Release */,
			);
			defaultConfigurationIsVisible = 0;
			defaultConfigurationName = Release;
		};
/* End XCConfigurationList section */
	};
	rootObject = 741AE5B82AC197A400951C90 /* Project object */;
}
